{
  "name": "angularjs-seed",
  "version": "1.2.0",
  "lockfileVersion": 1,
  "requires": true,
  "dependencies": {
    "@uirouter/angularjs": {
      "version": "1.0.19",
      "resolved": "https://registry.npmjs.org/@uirouter/angularjs/-/angularjs-1.0.19.tgz",
      "integrity": "sha512-O+M3CB4en9OPMKqSrMC6hZsuMbtttYpGlALZoqAYqUmqdw1CJ5WBnuj7s/40svhZG338SfqxXN/Y2uKh5x+gPQ==",
      "requires": {
        "@uirouter/core": "5.0.20"
      }
    },
    "@uirouter/core": {
      "version": "5.0.20",
      "resolved": "https://registry.npmjs.org/@uirouter/core/-/core-5.0.20.tgz",
      "integrity": "sha512-7MwtORbMF0UFCgMb+KcBAx+7EsYn/6sP5mEAjLNQq14AkHOJom5pPRE0N3nxduFbK3V2TXfsOX2UjtbkuXql+A=="
    },
    "angular": {
      "version": "1.5.11",
      "resolved": "https://registry.npmjs.org/angular/-/angular-1.5.11.tgz",
      "integrity": "sha1-jFunOG8VllyazzQp9ogVU6raMNY="
    }
  }
}
